// !$*UTF8*$!
{
	archiveVersion = 1;
	classes = {
	};
	objectVersion = 55;
	objects = {

/* Begin PBXBuildFile section */
		C4C382DD27B5943B0075B0E7 /* AppDelegate.swift in Sources */ = {isa = PBXBuildFile; fileRef = C4C382DC27B5943B0075B0E7 /* AppDelegate.swift */; };
		C4C382E127B5943B0075B0E7 /* MainViewController.swift in Sources */ = {isa = PBXBuildFile; fileRef = C4C382E027B5943B0075B0E7 /* MainViewController.swift */; };
		C4C382E727B5943B0075B0E7 /* ChildsList.xcdatamodeld in Sources */ = {isa = PBXBuildFile; fileRef = C4C382E527B5943B0075B0E7 /* ChildsList.xcdatamodeld */; };
		C4C382E927B5943B0075B0E7 /* Assets.xcassets in Resources */ = {isa = PBXBuildFile; fileRef = C4C382E827B5943B0075B0E7 /* Assets.xcassets */; };
		C4C382EC27B5943B0075B0E7 /* LaunchScreen.storyboard in Resources */ = {isa = PBXBuildFile; fileRef = C4C382EA27B5943B0075B0E7 /* LaunchScreen.storyboard */; };
		C4C382F727B5943B0075B0E7 /* ChildsListTests.swift in Sources */ = {isa = PBXBuildFile; fileRef = C4C382F627B5943B0075B0E7 /* ChildsListTests.swift */; };
		C4C3830127B5943B0075B0E7 /* ChildsListUITests.swift in Sources */ = {isa = PBXBuildFile; fileRef = C4C3830027B5943B0075B0E7 /* ChildsListUITests.swift */; };
		C4C3830327B5943B0075B0E7 /* ChildsListUITestsLaunchTests.swift in Sources */ = {isa = PBXBuildFile; fileRef = C4C3830227B5943B0075B0E7 /* ChildsListUITestsLaunchTests.swift */; };
		C4C3831527B59ED50075B0E7 /* StorageManager.swift in Sources */ = {isa = PBXBuildFile; fileRef = C4C3831427B59ED50075B0E7 /* StorageManager.swift */; };
		C4C3831927B5AC530075B0E7 /* MaincTableViewCell.swift in Sources */ = {isa = PBXBuildFile; fileRef = C4C3831827B5AC530075B0E7 /* MaincTableViewCell.swift */; };
		C4C3831C27B5B08A0075B0E7 /* Child.swift in Sources */ = {isa = PBXBuildFile; fileRef = C4C3831B27B5B08A0075B0E7 /* Child.swift */; };
/* End PBXBuildFile section */

/* Begin PBXContainerItemProxy section */
		C4C382F327B5943B0075B0E7 /* PBXContainerItemProxy */ = {
			isa = PBXContainerItemProxy;
			containerPortal = C4C382D127B5943B0075B0E7 /* Project object */;
			proxyType = 1;
			remoteGlobalIDString = C4C382D827B5943B0075B0E7;
			remoteInfo = ChildsList;
		};
		C4C382FD27B5943B0075B0E7 /* PBXContainerItemProxy */ = {
			isa = PBXContainerItemProxy;
			containerPortal = C4C382D127B5943B0075B0E7 /* Project object */;
			proxyType = 1;
			remoteGlobalIDString = C4C382D827B5943B0075B0E7;
			remoteInfo = ChildsList;
		};
/* End PBXContainerItemProxy section */

/* Begin PBXFileReference section */
		C4C382D927B5943B0075B0E7 /* ChildsList.app */ = {isa = PBXFileReference; explicitFileType = wrapper.application; includeInIndex = 0; path = ChildsList.app; sourceTree = BUILT_PRODUCTS_DIR; };
		C4C382DC27B5943B0075B0E7 /* AppDelegate.swift */ = {isa = PBXFileReference; lastKnownFileType = sourcecode.swift; path = AppDelegate.swift; sourceTree = "<group>"; };
		C4C382E027B5943B0075B0E7 /* MainViewController.swift */ = {isa = PBXFileReference; lastKnownFileType = sourcecode.swift; path = MainViewController.swift; sourceTree = "<group>"; };
		C4C382E627B5943B0075B0E7 /* ChildsList.xcdatamodel */ = {isa = PBXFileReference; lastKnownFileType = wrapper.xcdatamodel; path = ChildsList.xcdatamodel; sourceTree = "<group>"; };
		C4C382E827B5943B0075B0E7 /* Assets.xcassets */ = {isa = PBXFileReference; lastKnownFileType = folder.assetcatalog; path = Assets.xcassets; sourceTree = "<group>"; };
		C4C382EB27B5943B0075B0E7 /* Base */ = {isa = PBXFileReference; lastKnownFileType = file.storyboard; name = Base; path = Base.lproj/LaunchScreen.storyboard; sourceTree = "<group>"; };
		C4C382ED27B5943B0075B0E7 /* Info.plist */ = {isa = PBXFileReference; lastKnownFileType = text.plist.xml; path = Info.plist; sourceTree = "<group>"; };
		C4C382F227B5943B0075B0E7 /* ChildsListTests.xctest */ = {isa = PBXFileReference; explicitFileType = wrapper.cfbundle; includeInIndex = 0; path = ChildsListTests.xctest; sourceTree = BUILT_PRODUCTS_DIR; };
		C4C382F627B5943B0075B0E7 /* ChildsListTests.swift */ = {isa = PBXFileReference; lastKnownFileType = sourcecode.swift; path = ChildsListTests.swift; sourceTree = "<group>"; };
		C4C382FC27B5943B0075B0E7 /* ChildsListUITests.xctest */ = {isa = PBXFileReference; explicitFileType = wrapper.cfbundle; includeInIndex = 0; path = ChildsListUITests.xctest; sourceTree = BUILT_PRODUCTS_DIR; };
		C4C3830027B5943B0075B0E7 /* ChildsListUITests.swift */ = {isa = PBXFileReference; lastKnownFileType = sourcecode.swift; path = ChildsListUITests.swift; sourceTree = "<group>"; };
		C4C3830227B5943B0075B0E7 /* ChildsListUITestsLaunchTests.swift */ = {isa = PBXFileReference; lastKnownFileType = sourcecode.swift; path = ChildsListUITestsLaunchTests.swift; sourceTree = "<group>"; };
		C4C3831427B59ED50075B0E7 /* StorageManager.swift */ = {isa = PBXFileReference; lastKnownFileType = sourcecode.swift; path = StorageManager.swift; sourceTree = "<group>"; };
		C4C3831827B5AC530075B0E7 /* MaincTableViewCell.swift */ = {isa = PBXFileReference; lastKnownFileType = sourcecode.swift; path = MaincTableViewCell.swift; sourceTree = "<group>"; };
		C4C3831B27B5B08A0075B0E7 /* Child.swift */ = {isa = PBXFileReference; lastKnownFileType = sourcecode.swift; path = Child.swift; sourceTree = "<group>"; };
/* End PBXFileReference section */

/* Begin PBXFrameworksBuildPhase section */
		C4C382D627B5943B0075B0E7 /* Frameworks */ = {
			isa = PBXFrameworksBuildPhase;
			buildActionMask = 2147483647;
			files = (
			);
			runOnlyForDeploymentPostprocessing = 0;
		};
		C4C382EF27B5943B0075B0E7 /* Frameworks */ = {
			isa = PBXFrameworksBuildPhase;
			buildActionMask = 2147483647;
			files = (
			);
			runOnlyForDeploymentPostprocessing = 0;
		};
		C4C382F927B5943B0075B0E7 /* Frameworks */ = {
			isa = PBXFrameworksBuildPhase;
			buildActionMask = 2147483647;
			files = (
			);
			runOnlyForDeploymentPostprocessing = 0;
		};
/* End PBXFrameworksBuildPhase section */

/* Begin PBXGroup section */
		C4C382D027B5943B0075B0E7 = {
			isa = PBXGroup;
			children = (
				C4C382DB27B5943B0075B0E7 /* ChildsList */,
				C4C382F527B5943B0075B0E7 /* ChildsListTests */,
				C4C382FF27B5943B0075B0E7 /* ChildsListUITests */,
				C4C382DA27B5943B0075B0E7 /* Products */,
			);
			sourceTree = "<group>";
		};
		C4C382DA27B5943B0075B0E7 /* Products */ = {
			isa = PBXGroup;
			children = (
				C4C382D927B5943B0075B0E7 /* ChildsList.app */,
				C4C382F227B5943B0075B0E7 /* ChildsListTests.xctest */,
				C4C382FC27B5943B0075B0E7 /* ChildsListUITests.xctest */,
			);
			name = Products;
			sourceTree = "<group>";
		};
		C4C382DB27B5943B0075B0E7 /* ChildsList */ = {
			isa = PBXGroup;
			children = (
				C4C3831127B59A460075B0E7 /* SupportingFiles */,
				C4C3831727B59F020075B0E7 /* Storyboards */,
				C4C3831227B59A550075B0E7 /* ViewControllers */,
				C4C3831A27B5AF9E0075B0E7 /* Views */,
				C4C3831D27B5B0B30075B0E7 /* Models */,
				C4C3831627B59EE20075B0E7 /* Services */,
				C4C3831327B59A610075B0E7 /* Source */,
			);
			path = ChildsList;
			sourceTree = "<group>";
		};
		C4C382F527B5943B0075B0E7 /* ChildsListTests */ = {
			isa = PBXGroup;
			children = (
				C4C382F627B5943B0075B0E7 /* ChildsListTests.swift */,
			);
			path = ChildsListTests;
			sourceTree = "<group>";
		};
		C4C382FF27B5943B0075B0E7 /* ChildsListUITests */ = {
			isa = PBXGroup;
			children = (
				C4C3830027B5943B0075B0E7 /* ChildsListUITests.swift */,
				C4C3830227B5943B0075B0E7 /* ChildsListUITestsLaunchTests.swift */,
			);
			path = ChildsListUITests;
			sourceTree = "<group>";
		};
		C4C3831127B59A460075B0E7 /* SupportingFiles */ = {
			isa = PBXGroup;
			children = (
				C4C382DC27B5943B0075B0E7 /* AppDelegate.swift */,
				C4C382E527B5943B0075B0E7 /* ChildsList.xcdatamodeld */,
				C4C382ED27B5943B0075B0E7 /* Info.plist */,
			);
			path = SupportingFiles;
			sourceTree = "<group>";
		};
		C4C3831227B59A550075B0E7 /* ViewControllers */ = {
			isa = PBXGroup;
			children = (
				C4C382E027B5943B0075B0E7 /* MainViewController.swift */,
			);
			path = ViewControllers;
			sourceTree = "<group>";
		};
		C4C3831327B59A610075B0E7 /* Source */ = {
			isa = PBXGroup;
			children = (
				C4C382E827B5943B0075B0E7 /* Assets.xcassets */,
			);
			path = Source;
			sourceTree = "<group>";
		};
		C4C3831627B59EE20075B0E7 /* Services */ = {
			isa = PBXGroup;
			children = (
				C4C3831427B59ED50075B0E7 /* StorageManager.swift */,
			);
			path = Services;
			sourceTree = "<group>";
		};
		C4C3831727B59F020075B0E7 /* Storyboards */ = {
			isa = PBXGroup;
			children = (
				C4C382EA27B5943B0075B0E7 /* LaunchScreen.storyboard */,
			);
			path = Storyboards;
			sourceTree = "<group>";
		};
		C4C3831A27B5AF9E0075B0E7 /* Views */ = {
			isa = PBXGroup;
			children = (
				C4C3831827B5AC530075B0E7 /* MaincTableViewCell.swift */,
			);
			path = Views;
			sourceTree = "<group>";
		};
		C4C3831D27B5B0B30075B0E7 /* Models */ = {
			isa = PBXGroup;
			children = (
				C4C3831B27B5B08A0075B0E7 /* Child.swift */,
			);
			path = Models;
			sourceTree = "<group>";
		};
/* End PBXGroup section */

/* Begin PBXNativeTarget section */
		C4C382D827B5943B0075B0E7 /* ChildsList */ = {
			isa = PBXNativeTarget;
			buildConfigurationList = C4C3830627B5943B0075B0E7 /* Build configuration list for PBXNativeTarget "ChildsList" */;
			buildPhases = (
				C4C382D527B5943B0075B0E7 /* Sources */,
				C4C382D627B5943B0075B0E7 /* Frameworks */,
				C4C382D727B5943B0075B0E7 /* Resources */,
			);
			buildRules = (
			);
			dependencies = (
			);
			name = ChildsList;
			productName = ChildsList;
			productReference = C4C382D927B5943B0075B0E7 /* ChildsList.app */;
			productType = "com.apple.product-type.application";
		};
		C4C382F127B5943B0075B0E7 /* ChildsListTests */ = {
			isa = PBXNativeTarget;
			buildConfigurationList = C4C3830927B5943B0075B0E7 /* Build configuration list for PBXNativeTarget "ChildsListTests" */;
			buildPhases = (
				C4C382EE27B5943B0075B0E7 /* Sources */,
				C4C382EF27B5943B0075B0E7 /* Frameworks */,
				C4C382F027B5943B0075B0E7 /* Resources */,
			);
			buildRules = (
			);
			dependencies = (
				C4C382F427B5943B0075B0E7 /* PBXTargetDependency */,
			);
			name = ChildsListTests;
			productName = ChildsListTests;
			productReference = C4C382F227B5943B0075B0E7 /* ChildsListTests.xctest */;
			productType = "com.apple.product-type.bundle.unit-test";
		};
		C4C382FB27B5943B0075B0E7 /* ChildsListUITests */ = {
			isa = PBXNativeTarget;
			buildConfigurationList = C4C3830C27B5943B0075B0E7 /* Build configuration list for PBXNativeTarget "ChildsListUITests" */;
			buildPhases = (
				C4C382F827B5943B0075B0E7 /* Sources */,
				C4C382F927B5943B0075B0E7 /* Frameworks */,
				C4C382FA27B5943B0075B0E7 /* Resources */,
			);
			buildRules = (
			);
			dependencies = (
				C4C382FE27B5943B0075B0E7 /* PBXTargetDependency */,
			);
			name = ChildsListUITests;
			productName = ChildsListUITests;
			productReference = C4C382FC27B5943B0075B0E7 /* ChildsListUITests.xctest */;
			productType = "com.apple.product-type.bundle.ui-testing";
		};
/* End PBXNativeTarget section */

/* Begin PBXProject section */
		C4C382D127B5943B0075B0E7 /* Project object */ = {
			isa = PBXProject;
			attributes = {
				BuildIndependentTargetsInParallel = 1;
				LastSwiftUpdateCheck = 1320;
				LastUpgradeCheck = 1320;
				TargetAttributes = {
					C4C382D827B5943B0075B0E7 = {
						CreatedOnToolsVersion = 13.2.1;
					};
					C4C382F127B5943B0075B0E7 = {
						CreatedOnToolsVersion = 13.2.1;
						TestTargetID = C4C382D827B5943B0075B0E7;
					};
					C4C382FB27B5943B0075B0E7 = {
						CreatedOnToolsVersion = 13.2.1;
						TestTargetID = C4C382D827B5943B0075B0E7;
					};
				};
			};
			buildConfigurationList = C4C382D427B5943B0075B0E7 /* Build configuration list for PBXProject "ChildsList" */;
			compatibilityVersion = "Xcode 13.0";
			developmentRegion = en;
			hasScannedForEncodings = 0;
			knownRegions = (
				en,
				Base,
			);
			mainGroup = C4C382D027B5943B0075B0E7;
			productRefGroup = C4C382DA27B5943B0075B0E7 /* Products */;
			projectDirPath = "";
			projectRoot = "";
			targets = (
				C4C382D827B5943B0075B0E7 /* ChildsList */,
				C4C382F127B5943B0075B0E7 /* ChildsListTests */,
				C4C382FB27B5943B0075B0E7 /* ChildsListUITests */,
			);
		};
/* End PBXProject section */

/* Begin PBXResourcesBuildPhase section */
		C4C382D727B5943B0075B0E7 /* Resources */ = {
			isa = PBXResourcesBuildPhase;
			buildActionMask = 2147483647;
			files = (
				C4C382EC27B5943B0075B0E7 /* LaunchScreen.storyboard in Resources */,
				C4C382E927B5943B0075B0E7 /* Assets.xcassets in Resources */,
			);
			runOnlyForDeploymentPostprocessing = 0;
		};
		C4C382F027B5943B0075B0E7 /* Resources */ = {
			isa = PBXResourcesBuildPhase;
			buildActionMask = 2147483647;
			files = (
			);
			runOnlyForDeploymentPostprocessing = 0;
		};
		C4C382FA27B5943B0075B0E7 /* Resources */ = {
			isa = PBXResourcesBuildPhase;
			buildActionMask = 2147483647;
			files = (
			);
			runOnlyForDeploymentPostprocessing = 0;
		};
/* End PBXResourcesBuildPhase section */

/* Begin PBXSourcesBuildPhase section */
		C4C382D527B5943B0075B0E7 /* Sources */ = {
			isa = PBXSourcesBuildPhase;
			buildActionMask = 2147483647;
			files = (
				C4C382E127B5943B0075B0E7 /* MainViewController.swift in Sources */,
				C4C382DD27B5943B0075B0E7 /* AppDelegate.swift in Sources */,
				C4C3831927B5AC530075B0E7 /* MaincTableViewCell.swift in Sources */,
				C4C3831527B59ED50075B0E7 /* StorageManager.swift in Sources */,
				C4C382E727B5943B0075B0E7 /* ChildsList.xcdatamodeld in Sources */,
				C4C3831C27B5B08A0075B0E7 /* Child.swift in Sources */,
			);
			runOnlyForDeploymentPostprocessing = 0;
		};
		C4C382EE27B5943B0075B0E7 /* Sources */ = {
			isa = PBXSourcesBuildPhase;
			buildActionMask = 2147483647;
			files = (
				C4C382F727B5943B0075B0E7 /* ChildsListTests.swift in Sources */,
			);
			runOnlyForDeploymentPostprocessing = 0;
		};
		C4C382F827B5943B0075B0E7 /* Sources */ = {
			isa = PBXSourcesBuildPhase;
			buildActionMask = 2147483647;
			files = (
				C4C3830127B5943B0075B0E7 /* ChildsListUITests.swift in Sources */,
				C4C3830327B5943B0075B0E7 /* ChildsListUITestsLaunchTests.swift in Sources */,
			);
			runOnlyForDeploymentPostprocessing = 0;
		};
/* End PBXSourcesBuildPhase section */

/* Begin PBXTargetDependency section */
		C4C382F427B5943B0075B0E7 /* PBXTargetDependency */ = {
			isa = PBXTargetDependency;
			target = C4C382D827B5943B0075B0E7 /* ChildsList */;
			targetProxy = C4C382F327B5943B0075B0E7 /* PBXContainerItemProxy */;
		};
		C4C382FE27B5943B0075B0E7 /* PBXTargetDependency */ = {
			isa = PBXTargetDependency;
			target = C4C382D827B5943B0075B0E7 /* ChildsList */;
			targetProxy = C4C382FD27B5943B0075B0E7 /* PBXContainerItemProxy */;
		};
/* End PBXTargetDependency section */

/* Begin PBXVariantGroup section */
		C4C382EA27B5943B0075B0E7 /* LaunchScreen.storyboard */ = {
			isa = PBXVariantGroup;
			children = (
				C4C382EB27B5943B0075B0E7 /* Base */,
			);
			name = LaunchScreen.storyboard;
			sourceTree = "<group>";
		};
/* End PBXVariantGroup section */

/* Begin XCBuildConfiguration section */
		C4C3830427B5943B0075B0E7 /* Debug */ = {
			isa = XCBuildConfiguration;
			buildSettings = {
				ALWAYS_SEARCH_USER_PATHS = NO;
				CLANG_ANALYZER_NONNULL = YES;
				CLANG_ANALYZER_NUMBER_OBJECT_CONVERSION = YES_AGGRESSIVE;
				CLANG_CXX_LANGUAGE_STANDARD = "gnu++17";
				CLANG_CXX_LIBRARY = "libc++";
				CLANG_ENABLE_MODULES = YES;
				CLANG_ENABLE_OBJC_ARC = YES;
				CLANG_ENABLE_OBJC_WEAK = YES;
				CLANG_WARN_BLOCK_CAPTURE_AUTORELEASING = YES;
				CLANG_WARN_BOOL_CONVERSION = YES;
				CLANG_WARN_COMMA = YES;
				CLANG_WARN_CONSTANT_CONVERSION = YES;
				CLANG_WARN_DEPRECATED_OBJC_IMPLEMENTATIONS = YES;
				CLANG_WARN_DIRECT_OBJC_ISA_USAGE = YES_ERROR;
				CLANG_WARN_DOCUMENTATION_COMMENTS = YES;
				CLANG_WARN_EMPTY_BODY = YES;
				CLANG_WARN_ENUM_CONVERSION = YES;
				CLANG_WARN_INFINITE_RECURSION = YES;
				CLANG_WARN_INT_CONVERSION = YES;
				CLANG_WARN_NON_LITERAL_NULL_CONVERSION = YES;
				CLANG_WARN_OBJC_IMPLICIT_RETAIN_SELF = YES;
				CLANG_WARN_OBJC_LITERAL_CONVERSION = YES;
				CLANG_WARN_OBJC_ROOT_CLASS = YES_ERROR;
				CLANG_WARN_QUOTED_INCLUDE_IN_FRAMEWORK_HEADER = YES;
				CLANG_WARN_RANGE_LOOP_ANALYSIS = YES;
				CLANG_WARN_STRICT_PROTOTYPES = YES;
				CLANG_WARN_SUSPICIOUS_MOVE = YES;
				CLANG_WARN_UNGUARDED_AVAILABILITY = YES_AGGRESSIVE;
				CLANG_WARN_UNREACHABLE_CODE = YES;
				CLANG_WARN__DUPLICATE_METHOD_MATCH = YES;
				COPY_PHASE_STRIP = NO;
				DEBUG_INFORMATION_FORMAT = dwarf;
				ENABLE_STRICT_OBJC_MSGSEND = YES;
				ENABLE_TESTABILITY = YES;
				GCC_C_LANGUAGE_STANDARD = gnu11;
				GCC_DYNAMIC_NO_PIC = NO;
				GCC_NO_COMMON_BLOCKS = YES;
				GCC_OPTIMIZATION_LEVEL = 0;
				GCC_PREPROCESSOR_DEFINITIONS = (
					"DEBUG=1",
					"$(inherited)",
				);
				GCC_WARN_64_TO_32_BIT_CONVERSION = YES;
				GCC_WARN_ABOUT_RETURN_TYPE = YES_ERROR;
				GCC_WARN_UNDECLARED_SELECTOR = YES;
				GCC_WARN_UNINITIALIZED_AUTOS = YES_AGGRESSIVE;
				GCC_WARN_UNUSED_FUNCTION = YES;
				GCC_WARN_UNUSED_VARIABLE = YES;
				IPHONEOS_DEPLOYMENT_TARGET = 15.2;
				MTL_ENABLE_DEBUG_INFO = INCLUDE_SOURCE;
				MTL_FAST_MATH = YES;
				ONLY_ACTIVE_ARCH = YES;
				SDKROOT = iphoneos;
				SWIFT_ACTIVE_COMPILATION_CONDITIONS = DEBUG;
				SWIFT_OPTIMIZATION_LEVEL = "-Onone";
			};
			name = Debug;
		};
		C4C3830527B5943B0075B0E7 /* Release */ = {
			isa = XCBuildConfiguration;
			buildSettings = {
				ALWAYS_SEARCH_USER_PATHS = NO;
				CLANG_ANALYZER_NONNULL = YES;
				CLANG_ANALYZER_NUMBER_OBJECT_CONVERSION = YES_AGGRESSIVE;
				CLANG_CXX_LANGUAGE_STANDARD = "gnu++17";
				CLANG_CXX_LIBRARY = "libc++";
				CLANG_ENABLE_MODULES = YES;
				CLANG_ENABLE_OBJC_ARC = YES;
				CLANG_ENABLE_OBJC_WEAK = YES;
				CLANG_WARN_BLOCK_CAPTURE_AUTORELEASING = YES;
				CLANG_WARN_BOOL_CONVERSION = YES;
				CLANG_WARN_COMMA = YES;
				CLANG_WARN_CONSTANT_CONVERSION = YES;
				CLANG_WARN_DEPRECATED_OBJC_IMPLEMENTATIONS = YES;
				CLANG_WARN_DIRECT_OBJC_ISA_USAGE = YES_ERROR;
				CLANG_WARN_DOCUMENTATION_COMMENTS = YES;
				CLANG_WARN_EMPTY_BODY = YES;
				CLANG_WARN_ENUM_CONVERSION = YES;
				CLANG_WARN_INFINITE_RECURSION = YES;
				CLANG_WARN_INT_CONVERSION = YES;
				CLANG_WARN_NON_LITERAL_NULL_CONVERSION = YES;
				CLANG_WARN_OBJC_IMPLICIT_RETAIN_SELF = YES;
				CLANG_WARN_OBJC_LITERAL_CONVERSION = YES;
				CLANG_WARN_OBJC_ROOT_CLASS = YES_ERROR;
				CLANG_WARN_QUOTED_INCLUDE_IN_FRAMEWORK_HEADER = YES;
				CLANG_WARN_RANGE_LOOP_ANALYSIS = YES;
				CLANG_WARN_STRICT_PROTOTYPES = YES;
				CLANG_WARN_SUSPICIOUS_MOVE = YES;
				CLANG_WARN_UNGUARDED_AVAILABILITY = YES_AGGRESSIVE;
				CLANG_WARN_UNREACHABLE_CODE = YES;
				CLANG_WARN__DUPLICATE_METHOD_MATCH = YES;
				COPY_PHASE_STRIP = NO;
				DEBUG_INFORMATION_FORMAT = "dwarf-with-dsym";
				ENABLE_NS_ASSERTIONS = NO;
				ENABLE_STRICT_OBJC_MSGSEND = YES;
				GCC_C_LANGUAGE_STANDARD = gnu11;
				GCC_NO_COMMON_BLOCKS = YES;
				GCC_WARN_64_TO_32_BIT_CONVERSION = YES;
				GCC_WARN_ABOUT_RETURN_TYPE = YES_ERROR;
				GCC_WARN_UNDECLARED_SELECTOR = YES;
				GCC_WARN_UNINITIALIZED_AUTOS = YES_AGGRESSIVE;
				GCC_WARN_UNUSED_FUNCTION = YES;
				GCC_WARN_UNUSED_VARIABLE = YES;
				IPHONEOS_DEPLOYMENT_TARGET = 15.2;
				MTL_ENABLE_DEBUG_INFO = NO;
				MTL_FAST_MATH = YES;
				SDKROOT = iphoneos;
				SWIFT_COMPILATION_MODE = wholemodule;
				SWIFT_OPTIMIZATION_LEVEL = "-O";
				VALIDATE_PRODUCT = YES;
			};
			name = Release;
		};
		C4C3830727B5943B0075B0E7 /* Debug */ = {
			isa = XCBuildConfiguration;
			buildSettings = {
				ASSETCATALOG_COMPILER_APPICON_NAME = AppIcon;
				ASSETCATALOG_COMPILER_GLOBAL_ACCENT_COLOR_NAME = AccentColor;
				CODE_SIGN_STYLE = Automatic;
				CURRENT_PROJECT_VERSION = 1;
				DEVELOPMENT_TEAM = MF2X2E877U;
				GENERATE_INFOPLIST_FILE = YES;
				INFOPLIST_FILE = ChildsList/SupportingFiles/Info.plist;
				INFOPLIST_KEY_UIApplicationSupportsIndirectInputEvents = YES;
				INFOPLIST_KEY_UILaunchStoryboardName = LaunchScreen;
				INFOPLIST_KEY_UISupportedInterfaceOrientations_iPad = "UIInterfaceOrientationPortrait UIInterfaceOrientationPortraitUpsideDown UIInterfaceOrientationLandscapeLeft UIInterfaceOrientationLandscapeRight";
				INFOPLIST_KEY_UISupportedInterfaceOrientations_iPhone = "UIInterfaceOrientationPortrait UIInterfaceOrientationLandscapeLeft UIInterfaceOrientationLandscapeRight";
				LD_RUNPATH_SEARCH_PATHS = (
					"$(inherited)",
					"@executable_path/Frameworks",
				);
				MARKETING_VERSION = 1.0;
				PRODUCT_BUNDLE_IDENTIFIER = "yura-chekalyuk.ChildsList";
				PRODUCT_NAME = "$(TARGET_NAME)";
				SWIFT_EMIT_LOC_STRINGS = YES;
				SWIFT_VERSION = 5.0;
				TARGETED_DEVICE_FAMILY = "1,2";
			};
			name = Debug;
		};
		C4C3830827B5943B0075B0E7 /* Release */ = {
			isa = XCBuildConfiguration;
			buildSettings = {
				ASSETCATALOG_COMPILER_APPICON_NAME = AppIcon;
				ASSETCATALOG_COMPILER_GLOBAL_ACCENT_COLOR_NAME = AccentColor;
				CODE_SIGN_STYLE = Automatic;
				CURRENT_PROJECT_VERSION = 1;
				DEVELOPMENT_TEAM = MF2X2E877U;
				GENERATE_INFOPLIST_FILE = YES;
				INFOPLIST_FILE = ChildsList/SupportingFiles/Info.plist;
				INFOPLIST_KEY_UIApplicationSupportsIndirectInputEvents = YES;
				INFOPLIST_KEY_UILaunchStoryboardName = LaunchScreen;
				INFOPLIST_KEY_UISupportedInterfaceOrientations_iPad = "UIInterfaceOrientationPortrait UIInterfaceOrientationPortraitUpsideDown UIInterfaceOrientationLandscapeLeft UIInterfaceOrientationLandscapeRight";
				INFOPLIST_KEY_UISupportedInterfaceOrientations_iPhone = "UIInterfaceOrientationPortrait UIInterfaceOrientationLandscapeLeft UIInterfaceOrientationLandscapeRight";
				LD_RUNPATH_SEARCH_PATHS = (
					"$(inherited)",
					"@executable_path/Frameworks",
				);
				MARKETING_VERSION = 1.0;
				PRODUCT_BUNDLE_IDENTIFIER = "yura-chekalyuk.ChildsList";
				PRODUCT_NAME = "$(TARGET_NAME)";
				SWIFT_EMIT_LOC_STRINGS = YES;
				SWIFT_VERSION = 5.0;
				TARGETED_DEVICE_FAMILY = "1,2";
			};
			name = Release;
		};
		C4C3830A27B5943B0075B0E7 /* Debug */ = {
			isa = XCBuildConfiguration;
			buildSettings = {
				ALWAYS_EMBED_SWIFT_STANDARD_LIBRARIES = YES;
				BUNDLE_LOADER = "$(TEST_HOST)";
				CODE_SIGN_STYLE = Automatic;
				CURRENT_PROJECT_VERSION = 1;
				DEVELOPMENT_TEAM = MF2X2E877U;
				GENERATE_INFOPLIST_FILE = YES;
				IPHONEOS_DEPLOYMENT_TARGET = 15.2;
				MARKETING_VERSION = 1.0;
				PRODUCT_BUNDLE_IDENTIFIER = "yura-chekalyuk.ChildsListTests";
				PRODUCT_NAME = "$(TARGET_NAME)";
				SWIFT_EMIT_LOC_STRINGS = NO;
				SWIFT_VERSION = 5.0;
				TARGETED_DEVICE_FAMILY = "1,2";
				TEST_HOST = "$(BUILT_PRODUCTS_DIR)/ChildsList.app/ChildsList";
			};
			name = Debug;
		};
		C4C3830B27B5943B0075B0E7 /* Release */ = {
			isa = XCBuildConfiguration;
			buildSettings = {
				ALWAYS_EMBED_SWIFT_STANDARD_LIBRARIES = YES;
				BUNDLE_LOADER = "$(TEST_HOST)";
				CODE_SIGN_STYLE = Automatic;
				CURRENT_PROJECT_VERSION = 1;
				DEVELOPMENT_TEAM = MF2X2E877U;
				GENERATE_INFOPLIST_FILE = YES;
				IPHONEOS_DEPLOYMENT_TARGET = 15.2;
				MARKETING_VERSION = 1.0;
				PRODUCT_BUNDLE_IDENTIFIER = "yura-chekalyuk.ChildsListTests";
				PRODUCT_NAME = "$(TARGET_NAME)";
				SWIFT_EMIT_LOC_STRINGS = NO;
				SWIFT_VERSION = 5.0;
				TARGETED_DEVICE_FAMILY = "1,2";
				TEST_HOST = "$(BUILT_PRODUCTS_DIR)/ChildsList.app/ChildsList";
			};
			name = Release;
		};
		C4C3830D27B5943B0075B0E7 /* Debug */ = {
			isa = XCBuildConfiguration;
			buildSettings = {
				ALWAYS_EMBED_SWIFT_STANDARD_LIBRARIES = YES;
				CODE_SIGN_STYLE = Automatic;
				CURRENT_PROJECT_VERSION = 1;
				DEVELOPMENT_TEAM = MF2X2E877U;
				GENERATE_INFOPLIST_FILE = YES;
				MARKETING_VERSION = 1.0;
				PRODUCT_BUNDLE_IDENTIFIER = "yura-chekalyuk.ChildsListUITests";
				PRODUCT_NAME = "$(TARGET_NAME)";
				SWIFT_EMIT_LOC_STRINGS = NO;
				SWIFT_VERSION = 5.0;
				TARGETED_DEVICE_FAMILY = "1,2";
				TEST_TARGET_NAME = ChildsList;
			};
			name = Debug;
		};
		C4C3830E27B5943B0075B0E7 /* Release */ = {
			isa = XCBuildConfiguration;
			buildSettings = {
				ALWAYS_EMBED_SWIFT_STANDARD_LIBRARIES = YES;
				CODE_SIGN_STYLE = Automatic;
				CURRENT_PROJECT_VERSION = 1;
				DEVELOPMENT_TEAM = MF2X2E877U;
				GENERATE_INFOPLIST_FILE = YES;
				MARKETING_VERSION = 1.0;
				PRODUCT_BUNDLE_IDENTIFIER = "yura-chekalyuk.ChildsListUITests";
				PRODUCT_NAME = "$(TARGET_NAME)";
				SWIFT_EMIT_LOC_STRINGS = NO;
				SWIFT_VERSION = 5.0;
				TARGETED_DEVICE_FAMILY = "1,2";
				TEST_TARGET_NAME = ChildsList;
			};
			name = Release;
		};
/* End XCBuildConfiguration section */

/* Begin XCConfigurationList section */
		C4C382D427B5943B0075B0E7 /* Build configuration list for PBXProject "ChildsList" */ = {
			isa = XCConfigurationList;
			buildConfigurations = (
				C4C3830427B5943B0075B0E7 /* Debug */,
				C4C3830527B5943B0075B0E7 /* Release */,
			);
			defaultConfigurationIsVisible = 0;
			defaultConfigurationName = Release;
		};
		C4C3830627B5943B0075B0E7 /* Build configuration list for PBXNativeTarget "ChildsList" */ = {
			isa = XCConfigurationList;
			buildConfigurations = (
				C4C3830727B5943B0075B0E7 /* Debug */,
				C4C3830827B5943B0075B0E7 /* Release */,
			);
			defaultConfigurationIsVisible = 0;
			defaultConfigurationName = Release;
		};
		C4C3830927B5943B0075B0E7 /* Build configuration list for PBXNativeTarget "ChildsListTests" */ = {
			isa = XCConfigurationList;
			buildConfigurations = (
				C4C3830A27B5943B0075B0E7 /* Debug */,
				C4C3830B27B5943B0075B0E7 /* Release */,
			);
			defaultConfigurationIsVisible = 0;
			defaultConfigurationName = Release;
		};
		C4C3830C27B5943B0075B0E7 /* Build configuration list for PBXNativeTarget "ChildsListUITests" */ = {
			isa = XCConfigurationList;
			buildConfigurations = (
				C4C3830D27B5943B0075B0E7 /* Debug */,
				C4C3830E27B5943B0075B0E7 /* Release */,
			);
			defaultConfigurationIsVisible = 0;
			defaultConfigurationName = Release;
		};
/* End XCConfigurationList section */

/* Begin XCVersionGroup section */
		C4C382E527B5943B0075B0E7 /* ChildsList.xcdatamodeld */ = {
			isa = XCVersionGroup;
			children = (
				C4C382E627B5943B0075B0E7 /* ChildsList.xcdatamodel */,
			);
			currentVersion = C4C382E627B5943B0075B0E7 /* ChildsList.xcdatamodel */;
			path = ChildsList.xcdatamodeld;
			sourceTree = "<group>";
			versionGroupType = wrapper.xcdatamodel;
		};
/* End XCVersionGroup section */
	};
	rootObject = C4C382D127B5943B0075B0E7 /* Project object */;
}
